
Microsoft Visual Studio Solution File, Format Version 12.00
# Visual Studio Version 17
VisualStudioVersion = 17.14.36121.58
MinimumVisualStudioVersion = 10.0.40219.1
Project("{FAE04EC0-301F-11D3-BF4B-00C04F79EFBC}") = "Server", "Server\Server.csproj", "{986CB9E3-21DB-4FFC-A201-2B9979963865}"
EndProject
Project("{FAE04EC0-301F-11D3-BF4B-00C04F79EFBC}") = "Client", "Client\Client.csproj", "{9FE9C512-4590-468E-A71D-91635493281F}"
EndProject
Global
	GlobalSection(SolutionConfigurationPlatforms) = preSolution
		Debug|Any CPU = Debug|Any CPU
		Release|Any CPU = Release|Any CPU
	EndGlobalSection
	GlobalSection(ProjectConfigurationPlatforms) = postSolution
		{986CB9E3-21DB-4FFC-A201-2B9979963865}.Debug|Any CPU.ActiveCfg = Debug|Any CPU
		{986CB9E3-21DB-4FFC-A201-2B9979963865}.Debug|Any CPU.Build.0 = Debug|Any CPU
		{986CB9E3-21DB-4FFC-A201-2B9979963865}.Release|Any CPU.ActiveCfg = Release|Any CPU
		{986CB9E3-21DB-4FFC-A201-2B9979963865}.Release|Any CPU.Build.0 = Release|Any CPU
		{9FE9C512-4590-468E-A71D-91635493281F}.Debug|Any CPU.ActiveCfg = Debug|Any CPU
		{9FE9C512-4590-468E-A71D-91635493281F}.Debug|Any CPU.Build.0 = Debug|Any CPU
		{9FE9C512-4590-468E-A71D-91635493281F}.Release|Any CPU.ActiveCfg = Release|Any CPU
		{9FE9C512-4590-468E-A71D-91635493281F}.Release|Any CPU.Build.0 = Release|Any CPU
	EndGlobalSection
	GlobalSection(SolutionProperties) = preSolution
		HideSolutionNode = FALSE
	EndGlobalSection
	GlobalSection(ExtensibilityGlobals) = postSolution
		SolutionGuid = {876A1D26-001D-40ED-9A13-B7960D97817E}
	EndGlobalSection
EndGlobal
