
Microsoft Visual Studio Solution File, Format Version 12.00
# Visual Studio Version 17
VisualStudioVersion = 17.14.36221.1 d17.14
MinimumVisualStudioVersion = 10.0.40219.1
Project("{FAE04EC0-301F-11D3-BF4B-00C04F79EFBC}") = "05_ftp", "05_ftp\05_ftp.csproj", "{D3F4801F-D24F-4FEE-9953-C27B2E8D32D2}"
EndProject
Project("{FAE04EC0-301F-11D3-BF4B-00C04F79EFBC}") = "05_ftp_forms", "05_ftp_forms\05_ftp_forms.csproj", "{CF892E04-3728-4A70-925D-660220C2A575}"
EndProject
Global
	GlobalSection(SolutionConfigurationPlatforms) = preSolution
		Debug|Any CPU = Debug|Any CPU
		Release|Any CPU = Release|Any CPU
	EndGlobalSection
	GlobalSection(ProjectConfigurationPlatforms) = postSolution
		{D3F4801F-D24F-4FEE-9953-C27B2E8D32D2}.Debug|Any CPU.ActiveCfg = Debug|Any CPU
		{D3F4801F-D24F-4FEE-9953-C27B2E8D32D2}.Debug|Any CPU.Build.0 = Debug|Any CPU
		{D3F4801F-D24F-4FEE-9953-C27B2E8D32D2}.Release|Any CPU.ActiveCfg = Release|Any CPU
		{D3F4801F-D24F-4FEE-9953-C27B2E8D32D2}.Release|Any CPU.Build.0 = Release|Any CPU
		{CF892E04-3728-4A70-925D-660220C2A575}.Debug|Any CPU.ActiveCfg = Debug|Any CPU
		{CF892E04-3728-4A70-925D-660220C2A575}.Debug|Any CPU.Build.0 = Debug|Any CPU
		{CF892E04-3728-4A70-925D-660220C2A575}.Release|Any CPU.ActiveCfg = Release|Any CPU
		{CF892E04-3728-4A70-925D-660220C2A575}.Release|Any CPU.Build.0 = Release|Any CPU
	EndGlobalSection
	GlobalSection(SolutionProperties) = preSolution
		HideSolutionNode = FALSE
	EndGlobalSection
	GlobalSection(ExtensibilityGlobals) = postSolution
		SolutionGuid = {9BA90A2E-7A59-4077-9D92-87E1EF8E40F5}
	EndGlobalSection
EndGlobal
